// !$*UTF8*$!
{
	archiveVersion = 1;
	classes = {
	};
	objectVersion = 46;
	objects = {

/* Begin PBXBuildFile section */
		7907E4931B0015AA00C18D66 /* satellite2.jpg in Resources */ = {isa = PBXBuildFile; fileRef = 7907E4921B0015AA00C18D66 /* satellite2.jpg */; };
		793739FD1AFE794300869ED4 /* AppDelegate.swift in Sources */ = {isa = PBXBuildFile; fileRef = 793739FC1AFE794300869ED4 /* AppDelegate.swift */; };
		793739FF1AFE794300869ED4 /* ViewController.swift in Sources */ = {isa = PBXBuildFile; fileRef = 793739FE1AFE794300869ED4 /* ViewController.swift */; };
		79373A021AFE794300869ED4 /* Main.storyboard in Resources */ = {isa = PBXBuildFile; fileRef = 79373A001AFE794300869ED4 /* Main.storyboard */; };
		79373A041AFE794300869ED4 /* Images.xcassets in Resources */ = {isa = PBXBuildFile; fileRef = 79373A031AFE794300869ED4 /* Images.xcassets */; };
		79373A071AFE794300869ED4 /* LaunchScreen.xib in Resources */ = {isa = PBXBuildFile; fileRef = 79373A051AFE794300869ED4 /* LaunchScreen.xib */; };
		79373A131AFE794300869ED4 /* ZekunAppV2Tests.swift in Sources */ = {isa = PBXBuildFile; fileRef = 79373A121AFE794300869ED4 /* ZekunAppV2Tests.swift */; };
/* End PBXBuildFile section */

/* Begin PBXContainerItemProxy section */
		79373A0D1AFE794300869ED4 /* PBXContainerItemProxy */ = {
			isa = PBXContainerItemProxy;
			containerPortal = 793739EF1AFE794300869ED4 /* Project object */;
			proxyType = 1;
			remoteGlobalIDString = 793739F61AFE794300869ED4;
			remoteInfo = ZekunAppV2;
		};
/* End PBXContainerItemProxy section */

/* Begin PBXFileReference section */
		7907E4921B0015AA00C18D66 /* satellite2.jpg */ = {isa = PBXFileReference; lastKnownFileType = image.jpeg; name = satellite2.jpg; path = ../../../../satellite2.jpg; sourceTree = "<group>"; };
		793739F71AFE794300869ED4 /* ZekunAppV2.app */ = {isa = PBXFileReference; explicitFileType = wrapper.application; includeInIndex = 0; path = ZekunAppV2.app; sourceTree = BUILT_PRODUCTS_DIR; };
		793739FB1AFE794300869ED4 /* Info.plist */ = {isa = PBXFileReference; lastKnownFileType = text.plist.xml; path = Info.plist; sourceTree = "<group>"; };
		793739FC1AFE794300869ED4 /* AppDelegate.swift */ = {isa = PBXFileReference; lastKnownFileType = sourcecode.swift; path = AppDelegate.swift; sourceTree = "<group>"; };
		793739FE1AFE794300869ED4 /* ViewController.swift */ = {isa = PBXFileReference; lastKnownFileType = sourcecode.swift; path = ViewController.swift; sourceTree = "<group>"; };
		79373A011AFE794300869ED4 /* Base */ = {isa = PBXFileReference; lastKnownFileType = file.storyboard; name = Base; path = Base.lproj/Main.storyboard; sourceTree = "<group>"; };
		79373A031AFE794300869ED4 /* Images.xcassets */ = {isa = PBXFileReference; lastKnownFileType = folder.assetcatalog; path = Images.xcassets; sourceTree = "<group>"; };
		79373A061AFE794300869ED4 /* Base */ = {isa = PBXFileReference; lastKnownFileType = file.xib; name = Base; path = Base.lproj/LaunchScreen.xib; sourceTree = "<group>"; };
		79373A0C1AFE794300869ED4 /* ZekunAppV2Tests.xctest */ = {isa = PBXFileReference; explicitFileType = wrapper.cfbundle; includeInIndex = 0; path = ZekunAppV2Tests.xctest; sourceTree = BUILT_PRODUCTS_DIR; };
		79373A111AFE794300869ED4 /* Info.plist */ = {isa = PBXFileReference; lastKnownFileType = text.plist.xml; path = Info.plist; sourceTree = "<group>"; };
		79373A121AFE794300869ED4 /* ZekunAppV2Tests.swift */ = {isa = PBXFileReference; lastKnownFileType = sourcecode.swift; path = ZekunAppV2Tests.swift; sourceTree = "<group>"; };
/* End PBXFileReference section */

/* Begin PBXFrameworksBuildPhase section */
		793739F41AFE794300869ED4 /* Frameworks */ = {
			isa = PBXFrameworksBuildPhase;
			buildActionMask = 2147483647;
			files = (
			);
			runOnlyForDeploymentPostprocessing = 0;
		};
		79373A091AFE794300869ED4 /* Frameworks */ = {
			isa = PBXFrameworksBuildPhase;
			buildActionMask = 2147483647;
			files = (
			);
			runOnlyForDeploymentPostprocessing = 0;
		};
/* End PBXFrameworksBuildPhase section */

/* Begin PBXGroup section */
		793739EE1AFE794300869ED4 = {
			isa = PBXGroup;
			children = (
				793739F91AFE794300869ED4 /* ZekunAppV2 */,
				79373A0F1AFE794300869ED4 /* ZekunAppV2Tests */,
				793739F81AFE794300869ED4 /* Products */,
			);
			sourceTree = "<group>";
		};
		793739F81AFE794300869ED4 /* Products */ = {
			isa = PBXGroup;
			children = (
				793739F71AFE794300869ED4 /* ZekunAppV2.app */,
				79373A0C1AFE794300869ED4 /* ZekunAppV2Tests.xctest */,
			);
			name = Products;
			sourceTree = "<group>";
		};
		793739F91AFE794300869ED4 /* ZekunAppV2 */ = {
			isa = PBXGroup;
			children = (
				793739FC1AFE794300869ED4 /* AppDelegate.swift */,
				793739FE1AFE794300869ED4 /* ViewController.swift */,
				79373A001AFE794300869ED4 /* Main.storyboard */,
				79373A031AFE794300869ED4 /* Images.xcassets */,
				79373A051AFE794300869ED4 /* LaunchScreen.xib */,
				7907E4921B0015AA00C18D66 /* satellite2.jpg */,
				793739FA1AFE794300869ED4 /* Supporting Files */,
			);
			path = ZekunAppV2;
			sourceTree = "<group>";
		};
		793739FA1AFE794300869ED4 /* Supporting Files */ = {
			isa = PBXGroup;
			children = (
				793739FB1AFE794300869ED4 /* Info.plist */,
			);
			name = "Supporting Files";
			sourceTree = "<group>";
		};
		79373A0F1AFE794300869ED4 /* ZekunAppV2Tests */ = {
			isa = PBXGroup;
			children = (
				79373A121AFE794300869ED4 /* ZekunAppV2Tests.swift */,
				79373A101AFE794300869ED4 /* Supporting Files */,
			);
			path = ZekunAppV2Tests;
			sourceTree = "<group>";
		};
		79373A101AFE794300869ED4 /* Supporting Files */ = {
			isa = PBXGroup;
			children = (
				79373A111AFE794300869ED4 /* Info.plist */,
			);
			name = "Supporting Files";
			sourceTree = "<group>";
		};
/* End PBXGroup section */

/* Begin PBXNativeTarget section */
		793739F61AFE794300869ED4 /* ZekunAppV2 */ = {
			isa = PBXNativeTarget;
			buildConfigurationList = 79373A161AFE794300869ED4 /* Build configuration list for PBXNativeTarget "ZekunAppV2" */;
			buildPhases = (
				793739F31AFE794300869ED4 /* Sources */,
				793739F41AFE794300869ED4 /* Frameworks */,
				793739F51AFE794300869ED4 /* Resources */,
			);
			buildRules = (
			);
			dependencies = (
			);
			name = ZekunAppV2;
			productName = ZekunAppV2;
			productReference = 793739F71AFE794300869ED4 /* ZekunAppV2.app */;
			productType = "com.apple.product-type.application";
		};
		79373A0B1AFE794300869ED4 /* ZekunAppV2Tests */ = {
			isa = PBXNativeTarget;
			buildConfigurationList = 79373A191AFE794300869ED4 /* Build configuration list for PBXNativeTarget "ZekunAppV2Tests" */;
			buildPhases = (
				79373A081AFE794300869ED4 /* Sources */,
				79373A091AFE794300869ED4 /* Frameworks */,
				79373A0A1AFE794300869ED4 /* Resources */,
			);
			buildRules = (
			);
			dependencies = (
				79373A0E1AFE794300869ED4 /* PBXTargetDependency */,
			);
			name = ZekunAppV2Tests;
			productName = ZekunAppV2Tests;
			productReference = 79373A0C1AFE794300869ED4 /* ZekunAppV2Tests.xctest */;
			productType = "com.apple.product-type.bundle.unit-test";
		};
/* End PBXNativeTarget section */

/* Begin PBXProject section */
		793739EF1AFE794300869ED4 /* Project object */ = {
			isa = PBXProject;
			attributes = {
				LastUpgradeCheck = 0630;
				ORGANIZATIONNAME = "Zekun Wang";
				TargetAttributes = {
					793739F61AFE794300869ED4 = {
						CreatedOnToolsVersion = 6.3.1;
					};
					79373A0B1AFE794300869ED4 = {
						CreatedOnToolsVersion = 6.3.1;
						TestTargetID = 793739F61AFE794300869ED4;
					};
				};
			};
			buildConfigurationList = 793739F21AFE794300869ED4 /* Build configuration list for PBXProject "ZekunAppV2" */;
			compatibilityVersion = "Xcode 3.2";
			developmentRegion = English;
			hasScannedForEncodings = 0;
			knownRegions = (
				en,
				Base,
			);
			mainGroup = 793739EE1AFE794300869ED4;
			productRefGroup = 793739F81AFE794300869ED4 /* Products */;
			projectDirPath = "";
			projectRoot = "";
			targets = (
				793739F61AFE794300869ED4 /* ZekunAppV2 */,
				79373A0B1AFE794300869ED4 /* ZekunAppV2Tests */,
			);
		};
/* End PBXProject section */

/* Begin PBXResourcesBuildPhase section */
		793739F51AFE794300869ED4 /* Resources */ = {
			isa = PBXResourcesBuildPhase;
			buildActionMask = 2147483647;
			files = (
				79373A021AFE794300869ED4 /* Main.storyboard in Resources */,
				79373A071AFE794300869ED4 /* LaunchScreen.xib in Resources */,
				7907E4931B0015AA00C18D66 /* satellite2.jpg in Resources */,
				79373A041AFE794300869ED4 /* Images.xcassets in Resources */,
			);
			runOnlyForDeploymentPostprocessing = 0;
		};
		79373A0A1AFE794300869ED4 /* Resources */ = {
			isa = PBXResourcesBuildPhase;
			buildActionMask = 2147483647;
			files = (
			);
			runOnlyForDeploymentPostprocessing = 0;
		};
/* End PBXResourcesBuildPhase section */

/* Begin PBXSourcesBuildPhase section */
		793739F31AFE794300869ED4 /* Sources */ = {
			isa = PBXSourcesBuildPhase;
			buildActionMask = 2147483647;
			files = (
				793739FF1AFE794300869ED4 /* ViewController.swift in Sources */,
				793739FD1AFE794300869ED4 /* AppDelegate.swift in Sources */,
			);
			runOnlyForDeploymentPostprocessing = 0;
		};
		79373A081AFE794300869ED4 /* Sources */ = {
			isa = PBXSourcesBuildPhase;
			buildActionMask = 2147483647;
			files = (
				79373A131AFE794300869ED4 /* ZekunAppV2Tests.swift in Sources */,
			);
			runOnlyForDeploymentPostprocessing = 0;
		};
/* End PBXSourcesBuildPhase section */

/* Begin PBXTargetDependency section */
		79373A0E1AFE794300869ED4 /* PBXTargetDependency */ = {
			isa = PBXTargetDependency;
			target = 793739F61AFE794300869ED4 /* ZekunAppV2 */;
			targetProxy = 79373A0D1AFE794300869ED4 /* PBXContainerItemProxy */;
		};
/* End PBXTargetDependency section */

/* Begin PBXVariantGroup section */
		79373A001AFE794300869ED4 /* Main.storyboard */ = {
			isa = PBXVariantGroup;
			children = (
				79373A011AFE794300869ED4 /* Base */,
			);
			name = Main.storyboard;
			sourceTree = "<group>";
		};
		79373A051AFE794300869ED4 /* LaunchScreen.xib */ = {
			isa = PBXVariantGroup;
			children = (
				79373A061AFE794300869ED4 /* Base */,
			);
			name = LaunchScreen.xib;
			sourceTree = "<group>";
		};
/* End PBXVariantGroup section */

/* Begin XCBuildConfiguration section */
		79373A141AFE794300869ED4 /* Debug */ = {
			isa = XCBuildConfiguration;
			buildSettings = {
				ALWAYS_SEARCH_USER_PATHS = NO;
				CLANG_CXX_LANGUAGE_STANDARD = "gnu++0x";
				CLANG_CXX_LIBRARY = "libc++";
				CLANG_ENABLE_MODULES = YES;
				CLANG_ENABLE_OBJC_ARC = YES;
				CLANG_WARN_BOOL_CONVERSION = YES;
				CLANG_WARN_CONSTANT_CONVERSION = YES;
				CLANG_WARN_DIRECT_OBJC_ISA_USAGE = YES_ERROR;
				CLANG_WARN_EMPTY_BODY = YES;
				CLANG_WARN_ENUM_CONVERSION = YES;
				CLANG_WARN_INT_CONVERSION = YES;
				CLANG_WARN_OBJC_ROOT_CLASS = YES_ERROR;
				CLANG_WARN_UNREACHABLE_CODE = YES;
				CLANG_WARN__DUPLICATE_METHOD_MATCH = YES;
				"CODE_SIGN_IDENTITY[sdk=iphoneos*]" = "iPhone Developer";
				COPY_PHASE_STRIP = NO;
				DEBUG_INFORMATION_FORMAT = "dwarf-with-dsym";
				ENABLE_STRICT_OBJC_MSGSEND = YES;
				GCC_C_LANGUAGE_STANDARD = gnu99;
				GCC_DYNAMIC_NO_PIC = NO;
				GCC_NO_COMMON_BLOCKS = YES;
				GCC_OPTIMIZATION_LEVEL = 0;
				GCC_PREPROCESSOR_DEFINITIONS = (
					"DEBUG=1",
					"$(inherited)",
				);
				GCC_SYMBOLS_PRIVATE_EXTERN = NO;
				GCC_WARN_64_TO_32_BIT_CONVERSION = YES;
				GCC_WARN_ABOUT_RETURN_TYPE = YES_ERROR;
				GCC_WARN_UNDECLARED_SELECTOR = YES;
				GCC_WARN_UNINITIALIZED_AUTOS = YES_AGGRESSIVE;
				GCC_WARN_UNUSED_FUNCTION = YES;
				GCC_WARN_UNUSED_VARIABLE = YES;
				IPHONEOS_DEPLOYMENT_TARGET = 8.3;
				MTL_ENABLE_DEBUG_INFO = YES;
				ONLY_ACTIVE_ARCH = YES;
				SDKROOT = iphoneos;
				SWIFT_OPTIMIZATION_LEVEL = "-Onone";
			};
			name = Debug;
		};
		79373A151AFE794300869ED4 /* Release */ = {
			isa = XCBuildConfiguration;
			buildSettings = {
				ALWAYS_SEARCH_USER_PATHS = NO;
				CLANG_CXX_LANGUAGE_STANDARD = "gnu++0x";
				CLANG_CXX_LIBRARY = "libc++";
				CLANG_ENABLE_MODULES = YES;
				CLANG_ENABLE_OBJC_ARC = YES;
				CLANG_WARN_BOOL_CONVERSION = YES;
				CLANG_WARN_CONSTANT_CONVERSION = YES;
				CLANG_WARN_DIRECT_OBJC_ISA_USAGE = YES_ERROR;
				CLANG_WARN_EMPTY_BODY = YES;
				CLANG_WARN_ENUM_CONVERSION = YES;
				CLANG_WARN_INT_CONVERSION = YES;
				CLANG_WARN_OBJC_ROOT_CLASS = YES_ERROR;
				CLANG_WARN_UNREACHABLE_CODE = YES;
				CLANG_WARN__DUPLICATE_METHOD_MATCH = YES;
				"CODE_SIGN_IDENTITY[sdk=iphoneos*]" = "iPhone Developer";
				COPY_PHASE_STRIP = NO;
				DEBUG_INFORMATION_FORMAT = "dwarf-with-dsym";
				ENABLE_NS_ASSERTIONS = NO;
				ENABLE_STRICT_OBJC_MSGSEND = YES;
				GCC_C_LANGUAGE_STANDARD = gnu99;
				GCC_NO_COMMON_BLOCKS = YES;
				GCC_WARN_64_TO_32_BIT_CONVERSION = YES;
				GCC_WARN_ABOUT_RETURN_TYPE = YES_ERROR;
				GCC_WARN_UNDECLARED_SELECTOR = YES;
				GCC_WARN_UNINITIALIZED_AUTOS = YES_AGGRESSIVE;
				GCC_WARN_UNUSED_FUNCTION = YES;
				GCC_WARN_UNUSED_VARIABLE = YES;
				IPHONEOS_DEPLOYMENT_TARGET = 8.3;
				MTL_ENABLE_DEBUG_INFO = NO;
				SDKROOT = iphoneos;
				VALIDATE_PRODUCT = YES;
			};
			name = Release;
		};
		79373A171AFE794300869ED4 /* Debug */ = {
			isa = XCBuildConfiguration;
			buildSettings = {
				ASSETCATALOG_COMPILER_APPICON_NAME = AppIcon;
				INFOPLIST_FILE = ZekunAppV2/Info.plist;
				LD_RUNPATH_SEARCH_PATHS = "$(inherited) @executable_path/Frameworks";
				PRODUCT_NAME = "$(TARGET_NAME)";
			};
			name = Debug;
		};
		79373A181AFE794300869ED4 /* Release */ = {
			isa = XCBuildConfiguration;
			buildSettings = {
				ASSETCATALOG_COMPILER_APPICON_NAME = AppIcon;
				INFOPLIST_FILE = ZekunAppV2/Info.plist;
				LD_RUNPATH_SEARCH_PATHS = "$(inherited) @executable_path/Frameworks";
				PRODUCT_NAME = "$(TARGET_NAME)";
			};
			name = Release;
		};
		79373A1A1AFE794300869ED4 /* Debug */ = {
			isa = XCBuildConfiguration;
			buildSettings = {
				BUNDLE_LOADER = "$(TEST_HOST)";
				FRAMEWORK_SEARCH_PATHS = (
					"$(SDKROOT)/Developer/Library/Frameworks",
					"$(inherited)",
				);
				GCC_PREPROCESSOR_DEFINITIONS = (
					"DEBUG=1",
					"$(inherited)",
				);
				INFOPLIST_FILE = ZekunAppV2Tests/Info.plist;
				LD_RUNPATH_SEARCH_PATHS = "$(inherited) @executable_path/Frameworks @loader_path/Frameworks";
				PRODUCT_NAME = "$(TARGET_NAME)";
				TEST_HOST = "$(BUILT_PRODUCTS_DIR)/ZekunAppV2.app/ZekunAppV2";
			};
			name = Debug;
		};
		79373A1B1AFE794300869ED4 /* Release */ = {
			isa = XCBuildConfiguration;
			buildSettings = {
				BUNDLE_LOADER = "$(TEST_HOST)";
				FRAMEWORK_SEARCH_PATHS = (
					"$(SDKROOT)/Developer/Library/Frameworks",
					"$(inherited)",
				);
				INFOPLIST_FILE = ZekunAppV2Tests/Info.plist;
				LD_RUNPATH_SEARCH_PATHS = "$(inherited) @executable_path/Frameworks @loader_path/Frameworks";
				PRODUCT_NAME = "$(TARGET_NAME)";
				TEST_HOST = "$(BUILT_PRODUCTS_DIR)/ZekunAppV2.app/ZekunAppV2";
			};
			name = Release;
		};
/* End XCBuildConfiguration section */

/* Begin XCConfigurationList section */
		793739F21AFE794300869ED4 /* Build configuration list for PBXProject "ZekunAppV2" */ = {
			isa = XCConfigurationList;
			buildConfigurations = (
				79373A141AFE794300869ED4 /* Debug */,
				79373A151AFE794300869ED4 /* Release */,
			);
			defaultConfigurationIsVisible = 0;
			defaultConfigurationName = Release;
		};
		79373A161AFE794300869ED4 /* Build configuration list for PBXNativeTarget "ZekunAppV2" */ = {
			isa = XCConfigurationList;
			buildConfigurations = (
				79373A171AFE794300869ED4 /* Debug */,
				79373A181AFE794300869ED4 /* Release */,
			);
			defaultConfigurationIsVisible = 0;
			defaultConfigurationName = Release;
		};
		79373A191AFE794300869ED4 /* Build configuration list for PBXNativeTarget "ZekunAppV2Tests" */ = {
			isa = XCConfigurationList;
			buildConfigurations = (
				79373A1A1AFE794300869ED4 /* Debug */,
				79373A1B1AFE794300869ED4 /* Release */,
			);
			defaultConfigurationIsVisible = 0;
			defaultConfigurationName = Release;
		};
/* End XCConfigurationList section */
	};
	rootObject = 793739EF1AFE794300869ED4 /* Project object */;
}
